<Solution>
  <Project Path="src/KRINT.API/KRINT.API.csproj" />
  <Project Path="src/KRINT.Application/KRINT.Application.csproj" />
  <Project Path="src/KRINT.Domain/KRINT.Domain.csproj" />
  <Project Path="src/KRINT.Infrastructure/KRINT.Infrastructure.csproj" />
  <Project Path="src/KRINT.Tests/KRINT.Tests.csproj" />
</Solution>
